
Microsoft Visual Studio Solution File, Format Version 12.00
# Visual Studio Version 17
VisualStudioVersion = 17.8.34330.188
MinimumVisualStudioVersion = 10.0.40219.1
Project("{FAE04EC0-301F-11D3-BF4B-00C04F79EFBC}") = "Advanced Validation with EditForm", "Advanced Validation with EditForm\Advanced Validation with EditForm.csproj", "{9C71C63A-1A64-4187-9D80-A5FD2753863B}"
EndProject
Global
	GlobalSection(SolutionConfigurationPlatforms) = preSolution
		Debug|Any CPU = Debug|Any CPU
		Release|Any CPU = Release|Any CPU
	EndGlobalSection
	GlobalSection(ProjectConfigurationPlatforms) = postSolution
		{9C71C63A-1A64-4187-9D80-A5FD2753863B}.Debug|Any CPU.ActiveCfg = Debug|Any CPU
		{9C71C63A-1A64-4187-9D80-A5FD2753863B}.Debug|Any CPU.Build.0 = Debug|Any CPU
		{9C71C63A-1A64-4187-9D80-A5FD2753863B}.Release|Any CPU.ActiveCfg = Release|Any CPU
		{9C71C63A-1A64-4187-9D80-A5FD2753863B}.Release|Any CPU.Build.0 = Release|Any CPU
	EndGlobalSection
	GlobalSection(SolutionProperties) = preSolution
		HideSolutionNode = FALSE
	EndGlobalSection
	GlobalSection(ExtensibilityGlobals) = postSolution
		SolutionGuid = {FAFB4137-90C0-4AC3-9DD0-A8BE6F6E7383}
	EndGlobalSection
EndGlobal
